
Microsoft Visual Studio Solution File, Format Version 12.00
# Visual Studio Version 16
VisualStudioVersion = 16.0.31005.135
MinimumVisualStudioVersion = 10.0.40219.1
Project("{9A19103F-16F7-4668-BE54-9A1E7A4F7556}") = "SeleniumConsole", "Console\SeleniumConsole.csproj", "{84265E1A-0961-4F02-9F7A-F1A58FA61544}"
EndProject
Project("{FAE04EC0-301F-11D3-BF4B-00C04F79EFBC}") = "SeleniumConsoleFramework", "SeleniumConsoleFramework\SeleniumConsoleFramework.csproj", "{88BD4655-FCAD-48C1-A198-968D93B14609}"
EndProject
Global
	GlobalSection(SolutionConfigurationPlatforms) = preSolution
		Debug|Any CPU = Debug|Any CPU
		Release|Any CPU = Release|Any CPU
	EndGlobalSection
	GlobalSection(ProjectConfigurationPlatforms) = postSolution
		{84265E1A-0961-4F02-9F7A-F1A58FA61544}.Debug|Any CPU.ActiveCfg = Debug|Any CPU
		{84265E1A-0961-4F02-9F7A-F1A58FA61544}.Debug|Any CPU.Build.0 = Debug|Any CPU
		{84265E1A-0961-4F02-9F7A-F1A58FA61544}.Release|Any CPU.ActiveCfg = Release|Any CPU
		{84265E1A-0961-4F02-9F7A-F1A58FA61544}.Release|Any CPU.Build.0 = Release|Any CPU
		{88BD4655-FCAD-48C1-A198-968D93B14609}.Debug|Any CPU.ActiveCfg = Debug|Any CPU
		{88BD4655-FCAD-48C1-A198-968D93B14609}.Debug|Any CPU.Build.0 = Debug|Any CPU
		{88BD4655-FCAD-48C1-A198-968D93B14609}.Release|Any CPU.ActiveCfg = Release|Any CPU
		{88BD4655-FCAD-48C1-A198-968D93B14609}.Release|Any CPU.Build.0 = Release|Any CPU
	EndGlobalSection
	GlobalSection(SolutionProperties) = preSolution
		HideSolutionNode = FALSE
	EndGlobalSection
	GlobalSection(ExtensibilityGlobals) = postSolution
		SolutionGuid = {231E9807-D67D-4559-918D-D9DA361941A8}
	EndGlobalSection
EndGlobal
